
Microsoft Visual Studio Solution File, Format Version 12.00
# Visual Studio 15
VisualStudioVersion = 15.0.27004.2008
MinimumVisualStudioVersion = 10.0.40219.1
Project("{2150E333-8FDC-42A3-9474-1A3956D46DE8}") = "01 kintamieji", "01 kintamieji", "{F53ABDD0-BD39-4D52-8140-CFF8999877F4}"
EndProject
Project("{2150E333-8FDC-42A3-9474-1A3956D46DE8}") = "02 isvedimas", "02 isvedimas", "{72B2A9C5-22C5-415A-8418-D04D083E005A}"
EndProject
Project("{2150E333-8FDC-42A3-9474-1A3956D46DE8}") = "03 aritmetiniai veiksmai", "03 aritmetiniai veiksmai", "{4AE6CD59-FFE9-48DF-8896-D366E48F1030}"
EndProject
Project("{2150E333-8FDC-42A3-9474-1A3956D46DE8}") = "04 ivedimas", "04 ivedimas", "{8D06A582-C130-408F-9C70-F759B0CB3CC7}"
EndProject
Project("{FAE04EC0-301F-11D3-BF4B-00C04F79EFBC}") = "1-1 uzduotis, OK+", "1-1 uzduotys\1-1 uzduotis, OK+.csproj", "{43CB11FF-5813-4A53-9278-CC05E69F1065}"
EndProject
Project("{FAE04EC0-301F-11D3-BF4B-00C04F79EFBC}") = "2-1 uzduotis, OK+, 53 skaidre", "ConsoleApp1\2-1 uzduotis, OK+, 53 skaidre.csproj", "{561D70D6-DC77-4E32-AB11-936920D6EB78}"
EndProject
Project("{FAE04EC0-301F-11D3-BF4B-00C04F79EFBC}") = "2-2 uzduotis, OK+, 53 skaidre", "2-2 uzduotis\2-2 uzduotis, OK+, 53 skaidre.csproj", "{9FF813BB-5343-460C-A726-B215631D7670}"
EndProject
Project("{FAE04EC0-301F-11D3-BF4B-00C04F79EFBC}") = "2-3 uzduotis, OK+, 53 skaidre", "2-3 uzduotis\2-3 uzduotis, OK+, 53 skaidre.csproj", "{2B621B3C-AC41-44C4-8EDF-57722C1992BF}"
EndProject
Project("{FAE04EC0-301F-11D3-BF4B-00C04F79EFBC}") = "2-4 uzduotis, OK+, 53 skaidre", "2-4 uzduotis\2-4 uzduotis, OK+, 53 skaidre.csproj", "{D0486263-480F-4DC6-B3AA-80D8A01D198D}"
EndProject
Project("{FAE04EC0-301F-11D3-BF4B-00C04F79EFBC}") = "2-5 uzduotis, OK+, 54 skaidre", "2-5 uzduotis\2-5 uzduotis, OK+, 54 skaidre.csproj", "{509B8FB2-E3B2-409E-AFEF-3B070488C58D}"
EndProject
Project("{FAE04EC0-301F-11D3-BF4B-00C04F79EFBC}") = "2-6 uzduotis, OK+, 54 skaidre", "2-6 uzduotis\2-6 uzduotis, OK+, 54 skaidre.csproj", "{C4F82645-BAAE-4CEF-B9E1-D4AA06507618}"
EndProject
Project("{FAE04EC0-301F-11D3-BF4B-00C04F79EFBC}") = "3-1 uzduotis", "3-1 uzduotis\3-1 uzduotis.csproj", "{A2587C7B-A054-48B8-BB52-BA8677FD2062}"
EndProject
Project("{FAE04EC0-301F-11D3-BF4B-00C04F79EFBC}") = "3-2 uzduotis", "3-2 uzduotis\3-2 uzduotis.csproj", "{A7AA28B2-4618-4CE2-BFCE-114F3226BF46}"
EndProject
Project("{FAE04EC0-301F-11D3-BF4B-00C04F79EFBC}") = "3-3 uzduotis", "3-3 uzduotis\3-3 uzduotis.csproj", "{0192B727-2A0E-4AE7-BAF4-42C2816F0BA4}"
EndProject
Project("{FAE04EC0-301F-11D3-BF4B-00C04F79EFBC}") = "3-4 uzduotis", "3-4 uzduotis\3-4 uzduotis.csproj", "{6BE6A796-B9DE-4DA1-946D-D4C6156DBE5A}"
EndProject
Project("{FAE04EC0-301F-11D3-BF4B-00C04F79EFBC}") = "4 pasibandymai", "4 pasibandymai\4 pasibandymai.csproj", "{3E6E0B36-DF0D-4C3B-9F8D-5C0C05DC1E41}"
EndProject
Project("{FAE04EC0-301F-11D3-BF4B-00C04F79EFBC}") = "4-1 uzduotis", "4-1 uzduotis\4-1 uzduotis.csproj", "{4AC12833-D855-4460-9548-F7D0FA142302}"
EndProject
Project("{FAE04EC0-301F-11D3-BF4B-00C04F79EFBC}") = "4-2 uzduotis", "4-2 uzduotis\4-2 uzduotis.csproj", "{38E9A791-B9ED-447A-88EC-55EE935990A5}"
EndProject
Project("{FAE04EC0-301F-11D3-BF4B-00C04F79EFBC}") = "4-3 uzduotis", "4-3 uzduotis\4-3 uzduotis.csproj", "{19FE113E-DDAD-4DE1-87D4-C7FF0A541DDC}"
EndProject
Project("{FAE04EC0-301F-11D3-BF4B-00C04F79EFBC}") = "4-4 uzduotis", "4-4 uzduotis\4-4 uzduotis.csproj", "{731227D3-767C-4129-9823-AE7C4EA402ED}"
EndProject
Project("{FAE04EC0-301F-11D3-BF4B-00C04F79EFBC}") = "4-5 uzduotis", "4-5 uzduotis\4-5 uzduotis.csproj", "{7E16BA9F-A516-423F-9425-F42AE6968F02}"
EndProject
Project("{FAE04EC0-301F-11D3-BF4B-00C04F79EFBC}") = "4-6 uzduotis", "4-6 uzduotis\4-6 uzduotis.csproj", "{97741CC5-1DD8-4D7B-BA50-E8F210E0F9B6}"
EndProject
Project("{FAE04EC0-301F-11D3-BF4B-00C04F79EFBC}") = "4-7 uzduotis", "4-7 uzduotis\4-7 uzduotis.csproj", "{74F6426A-061F-4317-BD4D-F5CF1FE94C3F}"
EndProject
Project("{2150E333-8FDC-42A3-9474-1A3956D46DE8}") = "05 if", "05 if", "{6E90667B-6085-4F27-B2DF-E75846A254D8}"
EndProject
Project("{FAE04EC0-301F-11D3-BF4B-00C04F79EFBC}") = "01 uzduotis", "01 uzduotis\01 uzduotis.csproj", "{6648F378-1483-45FF-8143-E22BB71077F2}"
EndProject
Project("{FAE04EC0-301F-11D3-BF4B-00C04F79EFBC}") = "02 uzduotis", "02 uzduotis\02 uzduotis.csproj", "{2855D9EE-1476-4745-AD7A-0C6D2E5EE1A2}"
EndProject
Project("{FAE04EC0-301F-11D3-BF4B-00C04F79EFBC}") = "04 uzduotis", "02 4 uzduotis\04 uzduotis.csproj", "{3E25F332-DE3F-4A56-92B6-F88BF62BA540}"
EndProject
Project("{2150E333-8FDC-42A3-9474-1A3956D46DE8}") = "06 else if", "06 else if", "{5C945A34-94AC-46AB-98AC-CCAFD7BD298E}"
EndProject
Project("{FAE04EC0-301F-11D3-BF4B-00C04F79EFBC}") = "1-1 uzduotis", "1 uzduotis\1-1 uzduotis.csproj", "{37EBE44B-17F5-4682-80C4-3F2C5758AD90}"
EndProject
Project("{FAE04EC0-301F-11D3-BF4B-00C04F79EFBC}") = "1-2 uzduotis", "1-2\1-2 uzduotis.csproj", "{AF05F397-FDAF-4C72-8A1B-FF0F4135E925}"
EndProject
Project("{FAE04EC0-301F-11D3-BF4B-00C04F79EFBC}") = "1-3 uzduotis", "1-3 uzduotis\1-3 uzduotis.csproj", "{B895023F-E995-4033-A461-E00E85AC8141}"
EndProject
Project("{FAE04EC0-301F-11D3-BF4B-00C04F79EFBC}") = "1-4 uzduotis", "1-4 uzduotis\1-4 uzduotis.csproj", "{562B5346-A402-47B6-B1B0-4B339F7ABB80}"
EndProject
Project("{FAE04EC0-301F-11D3-BF4B-00C04F79EFBC}") = "07 uzduotis", "07 uzduotis\07 uzduotis.csproj", "{C5C130AD-7230-4D83-956A-D6F77F1DB92A}"
EndProject
Project("{FAE04EC0-301F-11D3-BF4B-00C04F79EFBC}") = "7 uzduotis", "7 uzduotis\7 uzduotis.csproj", "{AAD76C90-2912-4B66-84DC-AF671CB279FA}"
EndProject
Project("{FAE04EC0-301F-11D3-BF4B-00C04F79EFBC}") = "8 uzduotis", "08 uzduotis\8 uzduotis.csproj", "{EDA1C60F-A5FB-4A31-9787-F17F513E4DA8}"
EndProject
Project("{FAE04EC0-301F-11D3-BF4B-00C04F79EFBC}") = "9 uzduotis", "9 uzduotis\9 uzduotis.csproj", "{987C3908-4F7D-4132-847B-CF402C08DA87}"
EndProject
Project("{FAE04EC0-301F-11D3-BF4B-00C04F79EFBC}") = "9-1 uzduotis", "10 uzduotis\9-1 uzduotis.csproj", "{D8FA23B5-DC70-43CD-AAC9-FA5371380270}"
EndProject
Project("{FAE04EC0-301F-11D3-BF4B-00C04F79EFBC}") = "9-2 uzduotis", "9-2 uzduotis\9-2 uzduotis.csproj", "{7A4493F7-87A0-4F53-8475-A3C1123F4C33}"
EndProject
Project("{FAE04EC0-301F-11D3-BF4B-00C04F79EFBC}") = "9-3 uzduotis", "ConsoleApp2\9-3 uzduotis.csproj", "{406A3070-1FD4-4973-9407-CACD0025353F}"
EndProject
Project("{FAE04EC0-301F-11D3-BF4B-00C04F79EFBC}") = "9-4 uzduotis", "9-4 uzduotis\9-4 uzduotis.csproj", "{C76A0FE6-A163-43C2-AE6A-F676378CCF9F}"
EndProject
Project("{FAE04EC0-301F-11D3-BF4B-00C04F79EFBC}") = "9-5 uzduotis", "9-5 uzduotis\9-5 uzduotis.csproj", "{5B9B15BF-05F1-47EF-AFA2-8E4E34191E7A}"
EndProject
Project("{FAE04EC0-301F-11D3-BF4B-00C04F79EFBC}") = "9-6 tarpine uzduotis", "9-6 tarpine uzduotis\9-6 tarpine uzduotis.csproj", "{2EDA98B5-5C23-4287-9564-D6128CBD6442}"
EndProject
Project("{FAE04EC0-301F-11D3-BF4B-00C04F79EFBC}") = "9-8 uzduotis", "ConsoleApp3\9-8 uzduotis.csproj", "{B31CD71E-D0C1-46FE-A7A9-145B274AA5A2}"
EndProject
Project("{FAE04EC0-301F-11D3-BF4B-00C04F79EFBC}") = "9-9 ciklas while 1, OK+, 150 skaidre", "9-9 ciklas while\9-9 ciklas while 1, OK+, 150 skaidre.csproj", "{E7B7C498-E633-4002-A422-2404FD666341}"
EndProject
Project("{FAE04EC0-301F-11D3-BF4B-00C04F79EFBC}") = "9-9 ciklas while 2, OK+, 150 skaidre", "9-9 ciklas while 1\9-9 ciklas while 2, OK+, 150 skaidre.csproj", "{1412F115-1653-48F0-970F-2D79C3CE8CE1}"
EndProject
Project("{FAE04EC0-301F-11D3-BF4B-00C04F79EFBC}") = "9-9 ciklas while 3, OK+, 150 skaidre", "9-9 ciklas while 2\9-9 ciklas while 3, OK+, 150 skaidre.csproj", "{F81A996D-09B2-4D07-854B-E32BC9B859FE}"
EndProject
Project("{FAE04EC0-301F-11D3-BF4B-00C04F79EFBC}") = "9-9 ciklas while 4, OK+, 151 skaidre", "9-9 ciklas while 4\9-9 ciklas while 4, OK+, 151 skaidre.csproj", "{FD08F5A8-4B0C-4DEC-A17A-0F0F5625EC17}"
EndProject
Project("{FAE04EC0-301F-11D3-BF4B-00C04F79EFBC}") = "9-9 ciklas while 5, OK+, 151 skaidre", "9-9 ciklas while 5\9-9 ciklas while 5, OK+, 151 skaidre.csproj", "{16F6D35F-4A2D-44D3-9FC2-5AB76442806A}"
EndProject
Project("{FAE04EC0-301F-11D3-BF4B-00C04F79EFBC}") = "9-9 ciklas while 6, OK+, 153 skaidre", "ConsoleApp4\9-9 ciklas while 6, OK+, 153 skaidre.csproj", "{6C1671DE-BCFD-4F11-A197-621F2E0BCD73}"
EndProject
Project("{FAE04EC0-301F-11D3-BF4B-00C04F79EFBC}") = "9-9 Do while 1, OK+, 157 skaidre", "9-9 Do while 1\9-9 Do while 1, OK+, 157 skaidre.csproj", "{FB3BD630-FBD6-4F23-8E41-F41741A464CC}"
EndProject
Project("{FAE04EC0-301F-11D3-BF4B-00C04F79EFBC}") = "10 MASYVAI", "10 MASYVAI\10 MASYVAI.csproj", "{846ED6B1-1AEC-4452-A799-46A5BCB4F8E5}"
EndProject
Project("{FAE04EC0-301F-11D3-BF4B-00C04F79EFBC}") = "10-1 MASYVAI", "10-1 MASYVAI\10-1 MASYVAI.csproj", "{B11638B0-DA22-4496-A636-9D6C8FA1C9F5}"
EndProject
Project("{FAE04EC0-301F-11D3-BF4B-00C04F79EFBC}") = "10-2 MASYVAI, 192 skaidre", "10-2 MASYVAI, 192 skaidre\10-2 MASYVAI, 192 skaidre.csproj", "{D1A48F43-9E24-45BE-9472-072CE38BCA01}"
EndProject
Project("{FAE04EC0-301F-11D3-BF4B-00C04F79EFBC}") = "10-3 MASYVAI, 192 skaidre, uzduotis 1", "10-3 MASYVAI, 192 skaidre, uzduotis 2\10-3 MASYVAI, 192 skaidre, uzduotis 1.csproj", "{6B2160E5-0A85-4AAA-8E0B-538701C33F0F}"
EndProject
Project("{FAE04EC0-301F-11D3-BF4B-00C04F79EFBC}") = "10-3 MASYVAI, 192 skaidre, uzduotis 2", "ConsoleApp5\10-3 MASYVAI, 192 skaidre, uzduotis 2.csproj", "{A8DBD18A-2AC3-40DD-95AE-1D6DF17C0EF1}"
EndProject
Project("{FAE04EC0-301F-11D3-BF4B-00C04F79EFBC}") = "11 SARASAI", "11 SARASAI\11 SARASAI.csproj", "{E16F726A-FAB3-49BC-93CF-4D1BE3B5090E}"
EndProject
Project("{FAE04EC0-301F-11D3-BF4B-00C04F79EFBC}") = "11 SARASAI, uzduotis 2", "11 SARASAI, uzduotis 2\11 SARASAI, uzduotis 2.csproj", "{8AE437B4-7E61-430B-8084-14E13755C84D}"
EndProject
Project("{FAE04EC0-301F-11D3-BF4B-00C04F79EFBC}") = "17-1 METODAI", "17-1 METODAI\17-1 METODAI.csproj", "{F11BE065-55BA-47C0-8561-C45A679F0231}"
EndProject
Project("{FAE04EC0-301F-11D3-BF4B-00C04F79EFBC}") = "17-1-1 METODAI", "17-1-1 METODAI\17-1-1 METODAI.csproj", "{60D287CA-7A6A-4B97-9715-6B583E410511}"
EndProject
Project("{FAE04EC0-301F-11D3-BF4B-00C04F79EFBC}") = "17-1-1-1 Ukininkai_Primilzio nuokripis", "17-1-1-1 Ukininkai_Primilzio nuokripis\17-1-1-1 Ukininkai_Primilzio nuokripis.csproj", "{091DC733-9E39-4034-B30E-6B9F29AB08ED}"
EndProject
Project("{FAE04EC0-301F-11D3-BF4B-00C04F79EFBC}") = "16-6 Klases", "16-6 Klases\16-6 Klases.csproj", "{DE07B8B1-396F-4AF9-9226-C6AC54D8411B}"
EndProject
Project("{FAE04EC0-301F-11D3-BF4B-00C04F79EFBC}") = "16 Masinos", "16 Pavydziai\16 Masinos.csproj", "{D1A7CB2F-F44E-4386-87F6-5C2537B5B614}"
EndProject
Global
	GlobalSection(SolutionConfigurationPlatforms) = preSolution
		Debug|Any CPU = Debug|Any CPU
		Release|Any CPU = Release|Any CPU
	EndGlobalSection
	GlobalSection(ProjectConfigurationPlatforms) = postSolution
		{43CB11FF-5813-4A53-9278-CC05E69F1065}.Debug|Any CPU.ActiveCfg = Debug|Any CPU
		{43CB11FF-5813-4A53-9278-CC05E69F1065}.Debug|Any CPU.Build.0 = Debug|Any CPU
		{43CB11FF-5813-4A53-9278-CC05E69F1065}.Release|Any CPU.ActiveCfg = Release|Any CPU
		{43CB11FF-5813-4A53-9278-CC05E69F1065}.Release|Any CPU.Build.0 = Release|Any CPU
		{561D70D6-DC77-4E32-AB11-936920D6EB78}.Debug|Any CPU.ActiveCfg = Debug|Any CPU
		{561D70D6-DC77-4E32-AB11-936920D6EB78}.Debug|Any CPU.Build.0 = Debug|Any CPU
		{561D70D6-DC77-4E32-AB11-936920D6EB78}.Release|Any CPU.ActiveCfg = Release|Any CPU
		{561D70D6-DC77-4E32-AB11-936920D6EB78}.Release|Any CPU.Build.0 = Release|Any CPU
		{9FF813BB-5343-460C-A726-B215631D7670}.Debug|Any CPU.ActiveCfg = Debug|Any CPU
		{9FF813BB-5343-460C-A726-B215631D7670}.Debug|Any CPU.Build.0 = Debug|Any CPU
		{9FF813BB-5343-460C-A726-B215631D7670}.Release|Any CPU.ActiveCfg = Release|Any CPU
		{9FF813BB-5343-460C-A726-B215631D7670}.Release|Any CPU.Build.0 = Release|Any CPU
		{2B621B3C-AC41-44C4-8EDF-57722C1992BF}.Debug|Any CPU.ActiveCfg = Debug|Any CPU
		{2B621B3C-AC41-44C4-8EDF-57722C1992BF}.Debug|Any CPU.Build.0 = Debug|Any CPU
		{2B621B3C-AC41-44C4-8EDF-57722C1992BF}.Release|Any CPU.ActiveCfg = Release|Any CPU
		{2B621B3C-AC41-44C4-8EDF-57722C1992BF}.Release|Any CPU.Build.0 = Release|Any CPU
		{D0486263-480F-4DC6-B3AA-80D8A01D198D}.Debug|Any CPU.ActiveCfg = Debug|Any CPU
		{D0486263-480F-4DC6-B3AA-80D8A01D198D}.Debug|Any CPU.Build.0 = Debug|Any CPU
		{D0486263-480F-4DC6-B3AA-80D8A01D198D}.Release|Any CPU.ActiveCfg = Release|Any CPU
		{D0486263-480F-4DC6-B3AA-80D8A01D198D}.Release|Any CPU.Build.0 = Release|Any CPU
		{509B8FB2-E3B2-409E-AFEF-3B070488C58D}.Debug|Any CPU.ActiveCfg = Debug|Any CPU
		{509B8FB2-E3B2-409E-AFEF-3B070488C58D}.Debug|Any CPU.Build.0 = Debug|Any CPU
		{509B8FB2-E3B2-409E-AFEF-3B070488C58D}.Release|Any CPU.ActiveCfg = Release|Any CPU
		{509B8FB2-E3B2-409E-AFEF-3B070488C58D}.Release|Any CPU.Build.0 = Release|Any CPU
		{C4F82645-BAAE-4CEF-B9E1-D4AA06507618}.Debug|Any CPU.ActiveCfg = Debug|Any CPU
		{C4F82645-BAAE-4CEF-B9E1-D4AA06507618}.Debug|Any CPU.Build.0 = Debug|Any CPU
		{C4F82645-BAAE-4CEF-B9E1-D4AA06507618}.Release|Any CPU.ActiveCfg = Release|Any CPU
		{C4F82645-BAAE-4CEF-B9E1-D4AA06507618}.Release|Any CPU.Build.0 = Release|Any CPU
		{A2587C7B-A054-48B8-BB52-BA8677FD2062}.Debug|Any CPU.ActiveCfg = Debug|Any CPU
		{A2587C7B-A054-48B8-BB52-BA8677FD2062}.Debug|Any CPU.Build.0 = Debug|Any CPU
		{A2587C7B-A054-48B8-BB52-BA8677FD2062}.Release|Any CPU.ActiveCfg = Release|Any CPU
		{A2587C7B-A054-48B8-BB52-BA8677FD2062}.Release|Any CPU.Build.0 = Release|Any CPU
		{A7AA28B2-4618-4CE2-BFCE-114F3226BF46}.Debug|Any CPU.ActiveCfg = Debug|Any CPU
		{A7AA28B2-4618-4CE2-BFCE-114F3226BF46}.Debug|Any CPU.Build.0 = Debug|Any CPU
		{A7AA28B2-4618-4CE2-BFCE-114F3226BF46}.Release|Any CPU.ActiveCfg = Release|Any CPU
		{A7AA28B2-4618-4CE2-BFCE-114F3226BF46}.Release|Any CPU.Build.0 = Release|Any CPU
		{0192B727-2A0E-4AE7-BAF4-42C2816F0BA4}.Debug|Any CPU.ActiveCfg = Debug|Any CPU
		{0192B727-2A0E-4AE7-BAF4-42C2816F0BA4}.Debug|Any CPU.Build.0 = Debug|Any CPU
		{0192B727-2A0E-4AE7-BAF4-42C2816F0BA4}.Release|Any CPU.ActiveCfg = Release|Any CPU
		{0192B727-2A0E-4AE7-BAF4-42C2816F0BA4}.Release|Any CPU.Build.0 = Release|Any CPU
		{6BE6A796-B9DE-4DA1-946D-D4C6156DBE5A}.Debug|Any CPU.ActiveCfg = Debug|Any CPU
		{6BE6A796-B9DE-4DA1-946D-D4C6156DBE5A}.Debug|Any CPU.Build.0 = Debug|Any CPU
		{6BE6A796-B9DE-4DA1-946D-D4C6156DBE5A}.Release|Any CPU.ActiveCfg = Release|Any CPU
		{6BE6A796-B9DE-4DA1-946D-D4C6156DBE5A}.Release|Any CPU.Build.0 = Release|Any CPU
		{3E6E0B36-DF0D-4C3B-9F8D-5C0C05DC1E41}.Debug|Any CPU.ActiveCfg = Debug|Any CPU
		{3E6E0B36-DF0D-4C3B-9F8D-5C0C05DC1E41}.Debug|Any CPU.Build.0 = Debug|Any CPU
		{3E6E0B36-DF0D-4C3B-9F8D-5C0C05DC1E41}.Release|Any CPU.ActiveCfg = Release|Any CPU
		{3E6E0B36-DF0D-4C3B-9F8D-5C0C05DC1E41}.Release|Any CPU.Build.0 = Release|Any CPU
		{4AC12833-D855-4460-9548-F7D0FA142302}.Debug|Any CPU.ActiveCfg = Debug|Any CPU
		{4AC12833-D855-4460-9548-F7D0FA142302}.Debug|Any CPU.Build.0 = Debug|Any CPU
		{4AC12833-D855-4460-9548-F7D0FA142302}.Release|Any CPU.ActiveCfg = Release|Any CPU
		{4AC12833-D855-4460-9548-F7D0FA142302}.Release|Any CPU.Build.0 = Release|Any CPU
		{38E9A791-B9ED-447A-88EC-55EE935990A5}.Debug|Any CPU.ActiveCfg = Debug|Any CPU
		{38E9A791-B9ED-447A-88EC-55EE935990A5}.Debug|Any CPU.Build.0 = Debug|Any CPU
		{38E9A791-B9ED-447A-88EC-55EE935990A5}.Release|Any CPU.ActiveCfg = Release|Any CPU
		{38E9A791-B9ED-447A-88EC-55EE935990A5}.Release|Any CPU.Build.0 = Release|Any CPU
		{19FE113E-DDAD-4DE1-87D4-C7FF0A541DDC}.Debug|Any CPU.ActiveCfg = Debug|Any CPU
		{19FE113E-DDAD-4DE1-87D4-C7FF0A541DDC}.Debug|Any CPU.Build.0 = Debug|Any CPU
		{19FE113E-DDAD-4DE1-87D4-C7FF0A541DDC}.Release|Any CPU.ActiveCfg = Release|Any CPU
		{19FE113E-DDAD-4DE1-87D4-C7FF0A541DDC}.Release|Any CPU.Build.0 = Release|Any CPU
		{731227D3-767C-4129-9823-AE7C4EA402ED}.Debug|Any CPU.ActiveCfg = Debug|Any CPU
		{731227D3-767C-4129-9823-AE7C4EA402ED}.Debug|Any CPU.Build.0 = Debug|Any CPU
		{731227D3-767C-4129-9823-AE7C4EA402ED}.Release|Any CPU.ActiveCfg = Release|Any CPU
		{731227D3-767C-4129-9823-AE7C4EA402ED}.Release|Any CPU.Build.0 = Release|Any CPU
		{7E16BA9F-A516-423F-9425-F42AE6968F02}.Debug|Any CPU.ActiveCfg = Debug|Any CPU
		{7E16BA9F-A516-423F-9425-F42AE6968F02}.Debug|Any CPU.Build.0 = Debug|Any CPU
		{7E16BA9F-A516-423F-9425-F42AE6968F02}.Release|Any CPU.ActiveCfg = Release|Any CPU
		{7E16BA9F-A516-423F-9425-F42AE6968F02}.Release|Any CPU.Build.0 = Release|Any CPU
		{97741CC5-1DD8-4D7B-BA50-E8F210E0F9B6}.Debug|Any CPU.ActiveCfg = Debug|Any CPU
		{97741CC5-1DD8-4D7B-BA50-E8F210E0F9B6}.Debug|Any CPU.Build.0 = Debug|Any CPU
		{97741CC5-1DD8-4D7B-BA50-E8F210E0F9B6}.Release|Any CPU.ActiveCfg = Release|Any CPU
		{97741CC5-1DD8-4D7B-BA50-E8F210E0F9B6}.Release|Any CPU.Build.0 = Release|Any CPU
		{74F6426A-061F-4317-BD4D-F5CF1FE94C3F}.Debug|Any CPU.ActiveCfg = Debug|Any CPU
		{74F6426A-061F-4317-BD4D-F5CF1FE94C3F}.Debug|Any CPU.Build.0 = Debug|Any CPU
		{74F6426A-061F-4317-BD4D-F5CF1FE94C3F}.Release|Any CPU.ActiveCfg = Release|Any CPU
		{74F6426A-061F-4317-BD4D-F5CF1FE94C3F}.Release|Any CPU.Build.0 = Release|Any CPU
		{6648F378-1483-45FF-8143-E22BB71077F2}.Debug|Any CPU.ActiveCfg = Debug|Any CPU
		{6648F378-1483-45FF-8143-E22BB71077F2}.Debug|Any CPU.Build.0 = Debug|Any CPU
		{6648F378-1483-45FF-8143-E22BB71077F2}.Release|Any CPU.ActiveCfg = Release|Any CPU
		{6648F378-1483-45FF-8143-E22BB71077F2}.Release|Any CPU.Build.0 = Release|Any CPU
		{2855D9EE-1476-4745-AD7A-0C6D2E5EE1A2}.Debug|Any CPU.ActiveCfg = Debug|Any CPU
		{2855D9EE-1476-4745-AD7A-0C6D2E5EE1A2}.Debug|Any CPU.Build.0 = Debug|Any CPU
		{2855D9EE-1476-4745-AD7A-0C6D2E5EE1A2}.Release|Any CPU.ActiveCfg = Release|Any CPU
		{2855D9EE-1476-4745-AD7A-0C6D2E5EE1A2}.Release|Any CPU.Build.0 = Release|Any CPU
		{3E25F332-DE3F-4A56-92B6-F88BF62BA540}.Debug|Any CPU.ActiveCfg = Debug|Any CPU
		{3E25F332-DE3F-4A56-92B6-F88BF62BA540}.Debug|Any CPU.Build.0 = Debug|Any CPU
		{3E25F332-DE3F-4A56-92B6-F88BF62BA540}.Release|Any CPU.ActiveCfg = Release|Any CPU
		{3E25F332-DE3F-4A56-92B6-F88BF62BA540}.Release|Any CPU.Build.0 = Release|Any CPU
		{37EBE44B-17F5-4682-80C4-3F2C5758AD90}.Debug|Any CPU.ActiveCfg = Debug|Any CPU
		{37EBE44B-17F5-4682-80C4-3F2C5758AD90}.Debug|Any CPU.Build.0 = Debug|Any CPU
		{37EBE44B-17F5-4682-80C4-3F2C5758AD90}.Release|Any CPU.ActiveCfg = Release|Any CPU
		{37EBE44B-17F5-4682-80C4-3F2C5758AD90}.Release|Any CPU.Build.0 = Release|Any CPU
		{AF05F397-FDAF-4C72-8A1B-FF0F4135E925}.Debug|Any CPU.ActiveCfg = Debug|Any CPU
		{AF05F397-FDAF-4C72-8A1B-FF0F4135E925}.Debug|Any CPU.Build.0 = Debug|Any CPU
		{AF05F397-FDAF-4C72-8A1B-FF0F4135E925}.Release|Any CPU.ActiveCfg = Release|Any CPU
		{AF05F397-FDAF-4C72-8A1B-FF0F4135E925}.Release|Any CPU.Build.0 = Release|Any CPU
		{B895023F-E995-4033-A461-E00E85AC8141}.Debug|Any CPU.ActiveCfg = Debug|Any CPU
		{B895023F-E995-4033-A461-E00E85AC8141}.Debug|Any CPU.Build.0 = Debug|Any CPU
		{B895023F-E995-4033-A461-E00E85AC8141}.Release|Any CPU.ActiveCfg = Release|Any CPU
		{B895023F-E995-4033-A461-E00E85AC8141}.Release|Any CPU.Build.0 = Release|Any CPU
		{562B5346-A402-47B6-B1B0-4B339F7ABB80}.Debug|Any CPU.ActiveCfg = Debug|Any CPU
		{562B5346-A402-47B6-B1B0-4B339F7ABB80}.Debug|Any CPU.Build.0 = Debug|Any CPU
		{562B5346-A402-47B6-B1B0-4B339F7ABB80}.Release|Any CPU.ActiveCfg = Release|Any CPU
		{562B5346-A402-47B6-B1B0-4B339F7ABB80}.Release|Any CPU.Build.0 = Release|Any CPU
		{C5C130AD-7230-4D83-956A-D6F77F1DB92A}.Debug|Any CPU.ActiveCfg = Debug|Any CPU
		{C5C130AD-7230-4D83-956A-D6F77F1DB92A}.Debug|Any CPU.Build.0 = Debug|Any CPU
		{C5C130AD-7230-4D83-956A-D6F77F1DB92A}.Release|Any CPU.ActiveCfg = Release|Any CPU
		{C5C130AD-7230-4D83-956A-D6F77F1DB92A}.Release|Any CPU.Build.0 = Release|Any CPU
		{AAD76C90-2912-4B66-84DC-AF671CB279FA}.Debug|Any CPU.ActiveCfg = Debug|Any CPU
		{AAD76C90-2912-4B66-84DC-AF671CB279FA}.Debug|Any CPU.Build.0 = Debug|Any CPU
		{AAD76C90-2912-4B66-84DC-AF671CB279FA}.Release|Any CPU.ActiveCfg = Release|Any CPU
		{AAD76C90-2912-4B66-84DC-AF671CB279FA}.Release|Any CPU.Build.0 = Release|Any CPU
		{EDA1C60F-A5FB-4A31-9787-F17F513E4DA8}.Debug|Any CPU.ActiveCfg = Debug|Any CPU
		{EDA1C60F-A5FB-4A31-9787-F17F513E4DA8}.Debug|Any CPU.Build.0 = Debug|Any CPU
		{EDA1C60F-A5FB-4A31-9787-F17F513E4DA8}.Release|Any CPU.ActiveCfg = Release|Any CPU
		{EDA1C60F-A5FB-4A31-9787-F17F513E4DA8}.Release|Any CPU.Build.0 = Release|Any CPU
		{987C3908-4F7D-4132-847B-CF402C08DA87}.Debug|Any CPU.ActiveCfg = Debug|Any CPU
		{987C3908-4F7D-4132-847B-CF402C08DA87}.Debug|Any CPU.Build.0 = Debug|Any CPU
		{987C3908-4F7D-4132-847B-CF402C08DA87}.Release|Any CPU.ActiveCfg = Release|Any CPU
		{987C3908-4F7D-4132-847B-CF402C08DA87}.Release|Any CPU.Build.0 = Release|Any CPU
		{D8FA23B5-DC70-43CD-AAC9-FA5371380270}.Debug|Any CPU.ActiveCfg = Debug|Any CPU
		{D8FA23B5-DC70-43CD-AAC9-FA5371380270}.Debug|Any CPU.Build.0 = Debug|Any CPU
		{D8FA23B5-DC70-43CD-AAC9-FA5371380270}.Release|Any CPU.ActiveCfg = Release|Any CPU
		{D8FA23B5-DC70-43CD-AAC9-FA5371380270}.Release|Any CPU.Build.0 = Release|Any CPU
		{7A4493F7-87A0-4F53-8475-A3C1123F4C33}.Debug|Any CPU.ActiveCfg = Debug|Any CPU
		{7A4493F7-87A0-4F53-8475-A3C1123F4C33}.Debug|Any CPU.Build.0 = Debug|Any CPU
		{7A4493F7-87A0-4F53-8475-A3C1123F4C33}.Release|Any CPU.ActiveCfg = Release|Any CPU
		{7A4493F7-87A0-4F53-8475-A3C1123F4C33}.Release|Any CPU.Build.0 = Release|Any CPU
		{406A3070-1FD4-4973-9407-CACD0025353F}.Debug|Any CPU.ActiveCfg = Debug|Any CPU
		{406A3070-1FD4-4973-9407-CACD0025353F}.Debug|Any CPU.Build.0 = Debug|Any CPU
		{406A3070-1FD4-4973-9407-CACD0025353F}.Release|Any CPU.ActiveCfg = Release|Any CPU
		{406A3070-1FD4-4973-9407-CACD0025353F}.Release|Any CPU.Build.0 = Release|Any CPU
		{C76A0FE6-A163-43C2-AE6A-F676378CCF9F}.Debug|Any CPU.ActiveCfg = Debug|Any CPU
		{C76A0FE6-A163-43C2-AE6A-F676378CCF9F}.Debug|Any CPU.Build.0 = Debug|Any CPU
		{C76A0FE6-A163-43C2-AE6A-F676378CCF9F}.Release|Any CPU.ActiveCfg = Release|Any CPU
		{C76A0FE6-A163-43C2-AE6A-F676378CCF9F}.Release|Any CPU.Build.0 = Release|Any CPU
		{5B9B15BF-05F1-47EF-AFA2-8E4E34191E7A}.Debug|Any CPU.ActiveCfg = Debug|Any CPU
		{5B9B15BF-05F1-47EF-AFA2-8E4E34191E7A}.Debug|Any CPU.Build.0 = Debug|Any CPU
		{5B9B15BF-05F1-47EF-AFA2-8E4E34191E7A}.Release|Any CPU.ActiveCfg = Release|Any CPU
		{5B9B15BF-05F1-47EF-AFA2-8E4E34191E7A}.Release|Any CPU.Build.0 = Release|Any CPU
		{2EDA98B5-5C23-4287-9564-D6128CBD6442}.Debug|Any CPU.ActiveCfg = Debug|Any CPU
		{2EDA98B5-5C23-4287-9564-D6128CBD6442}.Debug|Any CPU.Build.0 = Debug|Any CPU
		{2EDA98B5-5C23-4287-9564-D6128CBD6442}.Release|Any CPU.ActiveCfg = Release|Any CPU
		{2EDA98B5-5C23-4287-9564-D6128CBD6442}.Release|Any CPU.Build.0 = Release|Any CPU
		{B31CD71E-D0C1-46FE-A7A9-145B274AA5A2}.Debug|Any CPU.ActiveCfg = Debug|Any CPU
		{B31CD71E-D0C1-46FE-A7A9-145B274AA5A2}.Debug|Any CPU.Build.0 = Debug|Any CPU
		{B31CD71E-D0C1-46FE-A7A9-145B274AA5A2}.Release|Any CPU.ActiveCfg = Release|Any CPU
		{B31CD71E-D0C1-46FE-A7A9-145B274AA5A2}.Release|Any CPU.Build.0 = Release|Any CPU
		{E7B7C498-E633-4002-A422-2404FD666341}.Debug|Any CPU.ActiveCfg = Debug|Any CPU
		{E7B7C498-E633-4002-A422-2404FD666341}.Debug|Any CPU.Build.0 = Debug|Any CPU
		{E7B7C498-E633-4002-A422-2404FD666341}.Release|Any CPU.ActiveCfg = Release|Any CPU
		{E7B7C498-E633-4002-A422-2404FD666341}.Release|Any CPU.Build.0 = Release|Any CPU
		{1412F115-1653-48F0-970F-2D79C3CE8CE1}.Debug|Any CPU.ActiveCfg = Debug|Any CPU
		{1412F115-1653-48F0-970F-2D79C3CE8CE1}.Debug|Any CPU.Build.0 = Debug|Any CPU
		{1412F115-1653-48F0-970F-2D79C3CE8CE1}.Release|Any CPU.ActiveCfg = Release|Any CPU
		{1412F115-1653-48F0-970F-2D79C3CE8CE1}.Release|Any CPU.Build.0 = Release|Any CPU
		{F81A996D-09B2-4D07-854B-E32BC9B859FE}.Debug|Any CPU.ActiveCfg = Debug|Any CPU
		{F81A996D-09B2-4D07-854B-E32BC9B859FE}.Debug|Any CPU.Build.0 = Debug|Any CPU
		{F81A996D-09B2-4D07-854B-E32BC9B859FE}.Release|Any CPU.ActiveCfg = Release|Any CPU
		{F81A996D-09B2-4D07-854B-E32BC9B859FE}.Release|Any CPU.Build.0 = Release|Any CPU
		{FD08F5A8-4B0C-4DEC-A17A-0F0F5625EC17}.Debug|Any CPU.ActiveCfg = Debug|Any CPU
		{FD08F5A8-4B0C-4DEC-A17A-0F0F5625EC17}.Debug|Any CPU.Build.0 = Debug|Any CPU
		{FD08F5A8-4B0C-4DEC-A17A-0F0F5625EC17}.Release|Any CPU.ActiveCfg = Release|Any CPU
		{FD08F5A8-4B0C-4DEC-A17A-0F0F5625EC17}.Release|Any CPU.Build.0 = Release|Any CPU
		{16F6D35F-4A2D-44D3-9FC2-5AB76442806A}.Debug|Any CPU.ActiveCfg = Debug|Any CPU
		{16F6D35F-4A2D-44D3-9FC2-5AB76442806A}.Debug|Any CPU.Build.0 = Debug|Any CPU
		{16F6D35F-4A2D-44D3-9FC2-5AB76442806A}.Release|Any CPU.ActiveCfg = Release|Any CPU
		{16F6D35F-4A2D-44D3-9FC2-5AB76442806A}.Release|Any CPU.Build.0 = Release|Any CPU
		{6C1671DE-BCFD-4F11-A197-621F2E0BCD73}.Debug|Any CPU.ActiveCfg = Debug|Any CPU
		{6C1671DE-BCFD-4F11-A197-621F2E0BCD73}.Debug|Any CPU.Build.0 = Debug|Any CPU
		{6C1671DE-BCFD-4F11-A197-621F2E0BCD73}.Release|Any CPU.ActiveCfg = Release|Any CPU
		{6C1671DE-BCFD-4F11-A197-621F2E0BCD73}.Release|Any CPU.Build.0 = Release|Any CPU
		{FB3BD630-FBD6-4F23-8E41-F41741A464CC}.Debug|Any CPU.ActiveCfg = Debug|Any CPU
		{FB3BD630-FBD6-4F23-8E41-F41741A464CC}.Debug|Any CPU.Build.0 = Debug|Any CPU
		{FB3BD630-FBD6-4F23-8E41-F41741A464CC}.Release|Any CPU.ActiveCfg = Release|Any CPU
		{FB3BD630-FBD6-4F23-8E41-F41741A464CC}.Release|Any CPU.Build.0 = Release|Any CPU
		{846ED6B1-1AEC-4452-A799-46A5BCB4F8E5}.Debug|Any CPU.ActiveCfg = Debug|Any CPU
		{846ED6B1-1AEC-4452-A799-46A5BCB4F8E5}.Debug|Any CPU.Build.0 = Debug|Any CPU
		{846ED6B1-1AEC-4452-A799-46A5BCB4F8E5}.Release|Any CPU.ActiveCfg = Release|Any CPU
		{846ED6B1-1AEC-4452-A799-46A5BCB4F8E5}.Release|Any CPU.Build.0 = Release|Any CPU
		{B11638B0-DA22-4496-A636-9D6C8FA1C9F5}.Debug|Any CPU.ActiveCfg = Debug|Any CPU
		{B11638B0-DA22-4496-A636-9D6C8FA1C9F5}.Debug|Any CPU.Build.0 = Debug|Any CPU
		{B11638B0-DA22-4496-A636-9D6C8FA1C9F5}.Release|Any CPU.ActiveCfg = Release|Any CPU
		{B11638B0-DA22-4496-A636-9D6C8FA1C9F5}.Release|Any CPU.Build.0 = Release|Any CPU
		{D1A48F43-9E24-45BE-9472-072CE38BCA01}.Debug|Any CPU.ActiveCfg = Debug|Any CPU
		{D1A48F43-9E24-45BE-9472-072CE38BCA01}.Debug|Any CPU.Build.0 = Debug|Any CPU
		{D1A48F43-9E24-45BE-9472-072CE38BCA01}.Release|Any CPU.ActiveCfg = Release|Any CPU
		{D1A48F43-9E24-45BE-9472-072CE38BCA01}.Release|Any CPU.Build.0 = Release|Any CPU
		{6B2160E5-0A85-4AAA-8E0B-538701C33F0F}.Debug|Any CPU.ActiveCfg = Debug|Any CPU
		{6B2160E5-0A85-4AAA-8E0B-538701C33F0F}.Debug|Any CPU.Build.0 = Debug|Any CPU
		{6B2160E5-0A85-4AAA-8E0B-538701C33F0F}.Release|Any CPU.ActiveCfg = Release|Any CPU
		{6B2160E5-0A85-4AAA-8E0B-538701C33F0F}.Release|Any CPU.Build.0 = Release|Any CPU
		{A8DBD18A-2AC3-40DD-95AE-1D6DF17C0EF1}.Debug|Any CPU.ActiveCfg = Debug|Any CPU
		{A8DBD18A-2AC3-40DD-95AE-1D6DF17C0EF1}.Debug|Any CPU.Build.0 = Debug|Any CPU
		{A8DBD18A-2AC3-40DD-95AE-1D6DF17C0EF1}.Release|Any CPU.ActiveCfg = Release|Any CPU
		{A8DBD18A-2AC3-40DD-95AE-1D6DF17C0EF1}.Release|Any CPU.Build.0 = Release|Any CPU
		{E16F726A-FAB3-49BC-93CF-4D1BE3B5090E}.Debug|Any CPU.ActiveCfg = Debug|Any CPU
		{E16F726A-FAB3-49BC-93CF-4D1BE3B5090E}.Debug|Any CPU.Build.0 = Debug|Any CPU
		{E16F726A-FAB3-49BC-93CF-4D1BE3B5090E}.Release|Any CPU.ActiveCfg = Release|Any CPU
		{E16F726A-FAB3-49BC-93CF-4D1BE3B5090E}.Release|Any CPU.Build.0 = Release|Any CPU
		{8AE437B4-7E61-430B-8084-14E13755C84D}.Debug|Any CPU.ActiveCfg = Debug|Any CPU
		{8AE437B4-7E61-430B-8084-14E13755C84D}.Debug|Any CPU.Build.0 = Debug|Any CPU
		{8AE437B4-7E61-430B-8084-14E13755C84D}.Release|Any CPU.ActiveCfg = Release|Any CPU
		{8AE437B4-7E61-430B-8084-14E13755C84D}.Release|Any CPU.Build.0 = Release|Any CPU
		{F11BE065-55BA-47C0-8561-C45A679F0231}.Debug|Any CPU.ActiveCfg = Debug|Any CPU
		{F11BE065-55BA-47C0-8561-C45A679F0231}.Debug|Any CPU.Build.0 = Debug|Any CPU
		{F11BE065-55BA-47C0-8561-C45A679F0231}.Release|Any CPU.ActiveCfg = Release|Any CPU
		{F11BE065-55BA-47C0-8561-C45A679F0231}.Release|Any CPU.Build.0 = Release|Any CPU
		{60D287CA-7A6A-4B97-9715-6B583E410511}.Debug|Any CPU.ActiveCfg = Debug|Any CPU
		{60D287CA-7A6A-4B97-9715-6B583E410511}.Debug|Any CPU.Build.0 = Debug|Any CPU
		{60D287CA-7A6A-4B97-9715-6B583E410511}.Release|Any CPU.ActiveCfg = Release|Any CPU
		{60D287CA-7A6A-4B97-9715-6B583E410511}.Release|Any CPU.Build.0 = Release|Any CPU
		{091DC733-9E39-4034-B30E-6B9F29AB08ED}.Debug|Any CPU.ActiveCfg = Debug|Any CPU
		{091DC733-9E39-4034-B30E-6B9F29AB08ED}.Debug|Any CPU.Build.0 = Debug|Any CPU
		{091DC733-9E39-4034-B30E-6B9F29AB08ED}.Release|Any CPU.ActiveCfg = Release|Any CPU
		{091DC733-9E39-4034-B30E-6B9F29AB08ED}.Release|Any CPU.Build.0 = Release|Any CPU
		{DE07B8B1-396F-4AF9-9226-C6AC54D8411B}.Debug|Any CPU.ActiveCfg = Debug|Any CPU
		{DE07B8B1-396F-4AF9-9226-C6AC54D8411B}.Debug|Any CPU.Build.0 = Debug|Any CPU
		{DE07B8B1-396F-4AF9-9226-C6AC54D8411B}.Release|Any CPU.ActiveCfg = Release|Any CPU
		{DE07B8B1-396F-4AF9-9226-C6AC54D8411B}.Release|Any CPU.Build.0 = Release|Any CPU
		{D1A7CB2F-F44E-4386-87F6-5C2537B5B614}.Debug|Any CPU.ActiveCfg = Debug|Any CPU
		{D1A7CB2F-F44E-4386-87F6-5C2537B5B614}.Debug|Any CPU.Build.0 = Debug|Any CPU
		{D1A7CB2F-F44E-4386-87F6-5C2537B5B614}.Release|Any CPU.ActiveCfg = Release|Any CPU
		{D1A7CB2F-F44E-4386-87F6-5C2537B5B614}.Release|Any CPU.Build.0 = Release|Any CPU
	EndGlobalSection
	GlobalSection(SolutionProperties) = preSolution
		HideSolutionNode = FALSE
	EndGlobalSection
	GlobalSection(NestedProjects) = preSolution
		{43CB11FF-5813-4A53-9278-CC05E69F1065} = {F53ABDD0-BD39-4D52-8140-CFF8999877F4}
		{561D70D6-DC77-4E32-AB11-936920D6EB78} = {72B2A9C5-22C5-415A-8418-D04D083E005A}
		{9FF813BB-5343-460C-A726-B215631D7670} = {72B2A9C5-22C5-415A-8418-D04D083E005A}
		{2B621B3C-AC41-44C4-8EDF-57722C1992BF} = {72B2A9C5-22C5-415A-8418-D04D083E005A}
		{D0486263-480F-4DC6-B3AA-80D8A01D198D} = {72B2A9C5-22C5-415A-8418-D04D083E005A}
		{509B8FB2-E3B2-409E-AFEF-3B070488C58D} = {72B2A9C5-22C5-415A-8418-D04D083E005A}
		{C4F82645-BAAE-4CEF-B9E1-D4AA06507618} = {72B2A9C5-22C5-415A-8418-D04D083E005A}
		{A2587C7B-A054-48B8-BB52-BA8677FD2062} = {4AE6CD59-FFE9-48DF-8896-D366E48F1030}
		{A7AA28B2-4618-4CE2-BFCE-114F3226BF46} = {4AE6CD59-FFE9-48DF-8896-D366E48F1030}
		{0192B727-2A0E-4AE7-BAF4-42C2816F0BA4} = {4AE6CD59-FFE9-48DF-8896-D366E48F1030}
		{6BE6A796-B9DE-4DA1-946D-D4C6156DBE5A} = {4AE6CD59-FFE9-48DF-8896-D366E48F1030}
		{3E6E0B36-DF0D-4C3B-9F8D-5C0C05DC1E41} = {8D06A582-C130-408F-9C70-F759B0CB3CC7}
		{4AC12833-D855-4460-9548-F7D0FA142302} = {8D06A582-C130-408F-9C70-F759B0CB3CC7}
		{38E9A791-B9ED-447A-88EC-55EE935990A5} = {8D06A582-C130-408F-9C70-F759B0CB3CC7}
		{19FE113E-DDAD-4DE1-87D4-C7FF0A541DDC} = {8D06A582-C130-408F-9C70-F759B0CB3CC7}
		{731227D3-767C-4129-9823-AE7C4EA402ED} = {8D06A582-C130-408F-9C70-F759B0CB3CC7}
		{7E16BA9F-A516-423F-9425-F42AE6968F02} = {8D06A582-C130-408F-9C70-F759B0CB3CC7}
		{97741CC5-1DD8-4D7B-BA50-E8F210E0F9B6} = {8D06A582-C130-408F-9C70-F759B0CB3CC7}
		{74F6426A-061F-4317-BD4D-F5CF1FE94C3F} = {8D06A582-C130-408F-9C70-F759B0CB3CC7}
		{6648F378-1483-45FF-8143-E22BB71077F2} = {6E90667B-6085-4F27-B2DF-E75846A254D8}
		{2855D9EE-1476-4745-AD7A-0C6D2E5EE1A2} = {6E90667B-6085-4F27-B2DF-E75846A254D8}
		{3E25F332-DE3F-4A56-92B6-F88BF62BA540} = {6E90667B-6085-4F27-B2DF-E75846A254D8}
		{37EBE44B-17F5-4682-80C4-3F2C5758AD90} = {5C945A34-94AC-46AB-98AC-CCAFD7BD298E}
		{AF05F397-FDAF-4C72-8A1B-FF0F4135E925} = {5C945A34-94AC-46AB-98AC-CCAFD7BD298E}
		{B895023F-E995-4033-A461-E00E85AC8141} = {5C945A34-94AC-46AB-98AC-CCAFD7BD298E}
		{562B5346-A402-47B6-B1B0-4B339F7ABB80} = {5C945A34-94AC-46AB-98AC-CCAFD7BD298E}
		{846ED6B1-1AEC-4452-A799-46A5BCB4F8E5} = {F53ABDD0-BD39-4D52-8140-CFF8999877F4}
		{B11638B0-DA22-4496-A636-9D6C8FA1C9F5} = {F53ABDD0-BD39-4D52-8140-CFF8999877F4}
		{D1A48F43-9E24-45BE-9472-072CE38BCA01} = {F53ABDD0-BD39-4D52-8140-CFF8999877F4}
		{6B2160E5-0A85-4AAA-8E0B-538701C33F0F} = {F53ABDD0-BD39-4D52-8140-CFF8999877F4}
		{A8DBD18A-2AC3-40DD-95AE-1D6DF17C0EF1} = {F53ABDD0-BD39-4D52-8140-CFF8999877F4}
		{E16F726A-FAB3-49BC-93CF-4D1BE3B5090E} = {F53ABDD0-BD39-4D52-8140-CFF8999877F4}
		{8AE437B4-7E61-430B-8084-14E13755C84D} = {F53ABDD0-BD39-4D52-8140-CFF8999877F4}
		{F11BE065-55BA-47C0-8561-C45A679F0231} = {F53ABDD0-BD39-4D52-8140-CFF8999877F4}
		{60D287CA-7A6A-4B97-9715-6B583E410511} = {F53ABDD0-BD39-4D52-8140-CFF8999877F4}
		{091DC733-9E39-4034-B30E-6B9F29AB08ED} = {F53ABDD0-BD39-4D52-8140-CFF8999877F4}
	EndGlobalSection
	GlobalSection(ExtensibilityGlobals) = postSolution
		SolutionGuid = {D5B68A36-A614-43E8-B8B1-35B527E56455}
	EndGlobalSection
EndGlobal
